// !$*UTF8*$!
{
	archiveVersion = 1;
	classes = {
	};
	objectVersion = 50;
	objects = {

/* Begin PBXBuildFile section */
		447B391123EE293600AAB6CC /* AppDelegate.swift in Sources */ = {isa = PBXBuildFile; fileRef = 447B391023EE293600AAB6CC /* AppDelegate.swift */; };
		447B391323EE293600AAB6CC /* SceneDelegate.swift in Sources */ = {isa = PBXBuildFile; fileRef = 447B391223EE293600AAB6CC /* SceneDelegate.swift */; };
		447B391823EE293600AAB6CC /* Main.storyboard in Resources */ = {isa = PBXBuildFile; fileRef = 447B391623EE293600AAB6CC /* Main.storyboard */; };
		447B391A23EE293800AAB6CC /* Assets.xcassets in Resources */ = {isa = PBXBuildFile; fileRef = 447B391923EE293800AAB6CC /* Assets.xcassets */; };
		447B391D23EE293800AAB6CC /* LaunchScreen.storyboard in Resources */ = {isa = PBXBuildFile; fileRef = 447B391B23EE293800AAB6CC /* LaunchScreen.storyboard */; };
		447B392823EE293800AAB6CC /* FlixTests.swift in Sources */ = {isa = PBXBuildFile; fileRef = 447B392723EE293800AAB6CC /* FlixTests.swift */; };
		447B393323EE293900AAB6CC /* FlixUITests.swift in Sources */ = {isa = PBXBuildFile; fileRef = 447B393223EE293900AAB6CC /* FlixUITests.swift */; };
		447B394123EE2C9200AAB6CC /* MoviesViewController.swift in Sources */ = {isa = PBXBuildFile; fileRef = 447B394023EE2C9200AAB6CC /* MoviesViewController.swift */; };
		447B394323EE324F00AAB6CC /* MovieTableViewCell.swift in Sources */ = {isa = PBXBuildFile; fileRef = 447B394223EE324F00AAB6CC /* MovieTableViewCell.swift */; };
/* End PBXBuildFile section */

/* Begin PBXContainerItemProxy section */
		447B392423EE293800AAB6CC /* PBXContainerItemProxy */ = {
			isa = PBXContainerItemProxy;
			containerPortal = 447B390523EE293600AAB6CC /* Project object */;
			proxyType = 1;
			remoteGlobalIDString = 447B390C23EE293600AAB6CC;
			remoteInfo = Flix;
		};
		447B392F23EE293900AAB6CC /* PBXContainerItemProxy */ = {
			isa = PBXContainerItemProxy;
			containerPortal = 447B390523EE293600AAB6CC /* Project object */;
			proxyType = 1;
			remoteGlobalIDString = 447B390C23EE293600AAB6CC;
			remoteInfo = Flix;
		};
/* End PBXContainerItemProxy section */

/* Begin PBXFileReference section */
		447B390D23EE293600AAB6CC /* Flix.app */ = {isa = PBXFileReference; explicitFileType = wrapper.application; includeInIndex = 0; path = Flix.app; sourceTree = BUILT_PRODUCTS_DIR; };
		447B391023EE293600AAB6CC /* AppDelegate.swift */ = {isa = PBXFileReference; lastKnownFileType = sourcecode.swift; path = AppDelegate.swift; sourceTree = "<group>"; };
		447B391223EE293600AAB6CC /* SceneDelegate.swift */ = {isa = PBXFileReference; lastKnownFileType = sourcecode.swift; path = SceneDelegate.swift; sourceTree = "<group>"; };
		447B391723EE293600AAB6CC /* Base */ = {isa = PBXFileReference; lastKnownFileType = file.storyboard; name = Base; path = Base.lproj/Main.storyboard; sourceTree = "<group>"; };
		447B391923EE293800AAB6CC /* Assets.xcassets */ = {isa = PBXFileReference; lastKnownFileType = folder.assetcatalog; path = Assets.xcassets; sourceTree = "<group>"; };
		447B391C23EE293800AAB6CC /* Base */ = {isa = PBXFileReference; lastKnownFileType = file.storyboard; name = Base; path = Base.lproj/LaunchScreen.storyboard; sourceTree = "<group>"; };
		447B391E23EE293800AAB6CC /* Info.plist */ = {isa = PBXFileReference; lastKnownFileType = text.plist.xml; path = Info.plist; sourceTree = "<group>"; };
		447B392323EE293800AAB6CC /* FlixTests.xctest */ = {isa = PBXFileReference; explicitFileType = wrapper.cfbundle; includeInIndex = 0; path = FlixTests.xctest; sourceTree = BUILT_PRODUCTS_DIR; };
		447B392723EE293800AAB6CC /* FlixTests.swift */ = {isa = PBXFileReference; lastKnownFileType = sourcecode.swift; path = FlixTests.swift; sourceTree = "<group>"; };
		447B392923EE293900AAB6CC /* Info.plist */ = {isa = PBXFileReference; lastKnownFileType = text.plist.xml; path = Info.plist; sourceTree = "<group>"; };
		447B392E23EE293900AAB6CC /* FlixUITests.xctest */ = {isa = PBXFileReference; explicitFileType = wrapper.cfbundle; includeInIndex = 0; path = FlixUITests.xctest; sourceTree = BUILT_PRODUCTS_DIR; };
		447B393223EE293900AAB6CC /* FlixUITests.swift */ = {isa = PBXFileReference; lastKnownFileType = sourcecode.swift; path = FlixUITests.swift; sourceTree = "<group>"; };
		447B393423EE293900AAB6CC /* Info.plist */ = {isa = PBXFileReference; lastKnownFileType = text.plist.xml; path = Info.plist; sourceTree = "<group>"; };
		447B394023EE2C9200AAB6CC /* MoviesViewController.swift */ = {isa = PBXFileReference; lastKnownFileType = sourcecode.swift; path = MoviesViewController.swift; sourceTree = "<group>"; };
		447B394223EE324F00AAB6CC /* MovieTableViewCell.swift */ = {isa = PBXFileReference; lastKnownFileType = sourcecode.swift; path = MovieTableViewCell.swift; sourceTree = "<group>"; };
/* End PBXFileReference section */

/* Begin PBXFrameworksBuildPhase section */
		447B390A23EE293600AAB6CC /* Frameworks */ = {
			isa = PBXFrameworksBuildPhase;
			buildActionMask = 2147483647;
			files = (
			);
			runOnlyForDeploymentPostprocessing = 0;
		};
		447B392023EE293800AAB6CC /* Frameworks */ = {
			isa = PBXFrameworksBuildPhase;
			buildActionMask = 2147483647;
			files = (
			);
			runOnlyForDeploymentPostprocessing = 0;
		};
		447B392B23EE293900AAB6CC /* Frameworks */ = {
			isa = PBXFrameworksBuildPhase;
			buildActionMask = 2147483647;
			files = (
			);
			runOnlyForDeploymentPostprocessing = 0;
		};
/* End PBXFrameworksBuildPhase section */

/* Begin PBXGroup section */
		447B390423EE293600AAB6CC = {
			isa = PBXGroup;
			children = (
				447B390F23EE293600AAB6CC /* Flix */,
				447B392623EE293800AAB6CC /* FlixTests */,
				447B393123EE293900AAB6CC /* FlixUITests */,
				447B390E23EE293600AAB6CC /* Products */,
			);
			sourceTree = "<group>";
		};
		447B390E23EE293600AAB6CC /* Products */ = {
			isa = PBXGroup;
			children = (
				447B390D23EE293600AAB6CC /* Flix.app */,
				447B392323EE293800AAB6CC /* FlixTests.xctest */,
				447B392E23EE293900AAB6CC /* FlixUITests.xctest */,
			);
			name = Products;
			sourceTree = "<group>";
		};
		447B390F23EE293600AAB6CC /* Flix */ = {
			isa = PBXGroup;
			children = (
				447B391023EE293600AAB6CC /* AppDelegate.swift */,
				447B391223EE293600AAB6CC /* SceneDelegate.swift */,
				447B391623EE293600AAB6CC /* Main.storyboard */,
				447B391923EE293800AAB6CC /* Assets.xcassets */,
				447B391B23EE293800AAB6CC /* LaunchScreen.storyboard */,
				447B391E23EE293800AAB6CC /* Info.plist */,
				447B394023EE2C9200AAB6CC /* MoviesViewController.swift */,
				447B394223EE324F00AAB6CC /* MovieTableViewCell.swift */,
			);
			path = Flix;
			sourceTree = "<group>";
		};
		447B392623EE293800AAB6CC /* FlixTests */ = {
			isa = PBXGroup;
			children = (
				447B392723EE293800AAB6CC /* FlixTests.swift */,
				447B392923EE293900AAB6CC /* Info.plist */,
			);
			path = FlixTests;
			sourceTree = "<group>";
		};
		447B393123EE293900AAB6CC /* FlixUITests */ = {
			isa = PBXGroup;
			children = (
				447B393223EE293900AAB6CC /* FlixUITests.swift */,
				447B393423EE293900AAB6CC /* Info.plist */,
			);
			path = FlixUITests;
			sourceTree = "<group>";
		};
/* End PBXGroup section */

/* Begin PBXNativeTarget section */
		447B390C23EE293600AAB6CC /* Flix */ = {
			isa = PBXNativeTarget;
			buildConfigurationList = 447B393723EE293900AAB6CC /* Build configuration list for PBXNativeTarget "Flix" */;
			buildPhases = (
				447B390923EE293600AAB6CC /* Sources */,
				447B390A23EE293600AAB6CC /* Frameworks */,
				447B390B23EE293600AAB6CC /* Resources */,
			);
			buildRules = (
			);
			dependencies = (
			);
			name = Flix;
			productName = Flix;
			productReference = 447B390D23EE293600AAB6CC /* Flix.app */;
			productType = "com.apple.product-type.application";
		};
		447B392223EE293800AAB6CC /* FlixTests */ = {
			isa = PBXNativeTarget;
			buildConfigurationList = 447B393A23EE293900AAB6CC /* Build configuration list for PBXNativeTarget "FlixTests" */;
			buildPhases = (
				447B391F23EE293800AAB6CC /* Sources */,
				447B392023EE293800AAB6CC /* Frameworks */,
				447B392123EE293800AAB6CC /* Resources */,
			);
			buildRules = (
			);
			dependencies = (
				447B392523EE293800AAB6CC /* PBXTargetDependency */,
			);
			name = FlixTests;
			productName = FlixTests;
			productReference = 447B392323EE293800AAB6CC /* FlixTests.xctest */;
			productType = "com.apple.product-type.bundle.unit-test";
		};
		447B392D23EE293900AAB6CC /* FlixUITests */ = {
			isa = PBXNativeTarget;
			buildConfigurationList = 447B393D23EE293900AAB6CC /* Build configuration list for PBXNativeTarget "FlixUITests" */;
			buildPhases = (
				447B392A23EE293900AAB6CC /* Sources */,
				447B392B23EE293900AAB6CC /* Frameworks */,
				447B392C23EE293900AAB6CC /* Resources */,
			);
			buildRules = (
			);
			dependencies = (
				447B393023EE293900AAB6CC /* PBXTargetDependency */,
			);
			name = FlixUITests;
			productName = FlixUITests;
			productReference = 447B392E23EE293900AAB6CC /* FlixUITests.xctest */;
			productType = "com.apple.product-type.bundle.ui-testing";
		};
/* End PBXNativeTarget section */

/* Begin PBXProject section */
		447B390523EE293600AAB6CC /* Project object */ = {
			isa = PBXProject;
			attributes = {
				LastSwiftUpdateCheck = 1130;
				LastUpgradeCheck = 1130;
				ORGANIZATIONNAME = Socstudent;
				TargetAttributes = {
					447B390C23EE293600AAB6CC = {
						CreatedOnToolsVersion = 11.3.1;
					};
					447B392223EE293800AAB6CC = {
						CreatedOnToolsVersion = 11.3.1;
						TestTargetID = 447B390C23EE293600AAB6CC;
					};
					447B392D23EE293900AAB6CC = {
						CreatedOnToolsVersion = 11.3.1;
						TestTargetID = 447B390C23EE293600AAB6CC;
					};
				};
			};
			buildConfigurationList = 447B390823EE293600AAB6CC /* Build configuration list for PBXProject "Flix" */;
			compatibilityVersion = "Xcode 9.3";
			developmentRegion = en;
			hasScannedForEncodings = 0;
			knownRegions = (
				en,
				Base,
			);
			mainGroup = 447B390423EE293600AAB6CC;
			productRefGroup = 447B390E23EE293600AAB6CC /* Products */;
			projectDirPath = "";
			projectRoot = "";
			targets = (
				447B390C23EE293600AAB6CC /* Flix */,
				447B392223EE293800AAB6CC /* FlixTests */,
				447B392D23EE293900AAB6CC /* FlixUITests */,
			);
		};
/* End PBXProject section */

/* Begin PBXResourcesBuildPhase section */
		447B390B23EE293600AAB6CC /* Resources */ = {
			isa = PBXResourcesBuildPhase;
			buildActionMask = 2147483647;
			files = (
				447B391D23EE293800AAB6CC /* LaunchScreen.storyboard in Resources */,
				447B391A23EE293800AAB6CC /* Assets.xcassets in Resources */,
				447B391823EE293600AAB6CC /* Main.storyboard in Resources */,
			);
			runOnlyForDeploymentPostprocessing = 0;
		};
		447B392123EE293800AAB6CC /* Resources */ = {
			isa = PBXResourcesBuildPhase;
			buildActionMask = 2147483647;
			files = (
			);
			runOnlyForDeploymentPostprocessing = 0;
		};
		447B392C23EE293900AAB6CC /* Resources */ = {
			isa = PBXResourcesBuildPhase;
			buildActionMask = 2147483647;
			files = (
			);
			runOnlyForDeploymentPostprocessing = 0;
		};
/* End PBXResourcesBuildPhase section */

/* Begin PBXSourcesBuildPhase section */
		447B390923EE293600AAB6CC /* Sources */ = {
			isa = PBXSourcesBuildPhase;
			buildActionMask = 2147483647;
			files = (
				447B391123EE293600AAB6CC /* AppDelegate.swift in Sources */,
				447B391323EE293600AAB6CC /* SceneDelegate.swift in Sources */,
				447B394323EE324F00AAB6CC /* MovieTableViewCell.swift in Sources */,
				447B394123EE2C9200AAB6CC /* MoviesViewController.swift in Sources */,
			);
			runOnlyForDeploymentPostprocessing = 0;
		};
		447B391F23EE293800AAB6CC /* Sources */ = {
			isa = PBXSourcesBuildPhase;
			buildActionMask = 2147483647;
			files = (
				447B392823EE293800AAB6CC /* FlixTests.swift in Sources */,
			);
			runOnlyForDeploymentPostprocessing = 0;
		};
		447B392A23EE293900AAB6CC /* Sources */ = {
			isa = PBXSourcesBuildPhase;
			buildActionMask = 2147483647;
			files = (
				447B393323EE293900AAB6CC /* FlixUITests.swift in Sources */,
			);
			runOnlyForDeploymentPostprocessing = 0;
		};
/* End PBXSourcesBuildPhase section */

/* Begin PBXTargetDependency section */
		447B392523EE293800AAB6CC /* PBXTargetDependency */ = {
			isa = PBXTargetDependency;
			target = 447B390C23EE293600AAB6CC /* Flix */;
			targetProxy = 447B392423EE293800AAB6CC /* PBXContainerItemProxy */;
		};
		447B393023EE293900AAB6CC /* PBXTargetDependency */ = {
			isa = PBXTargetDependency;
			target = 447B390C23EE293600AAB6CC /* Flix */;
			targetProxy = 447B392F23EE293900AAB6CC /* PBXContainerItemProxy */;
		};
/* End PBXTargetDependency section */

/* Begin PBXVariantGroup section */
		447B391623EE293600AAB6CC /* Main.storyboard */ = {
			isa = PBXVariantGroup;
			children = (
				447B391723EE293600AAB6CC /* Base */,
			);
			name = Main.storyboard;
			sourceTree = "<group>";
		};
		447B391B23EE293800AAB6CC /* LaunchScreen.storyboard */ = {
			isa = PBXVariantGroup;
			children = (
				447B391C23EE293800AAB6CC /* Base */,
			);
			name = LaunchScreen.storyboard;
			sourceTree = "<group>";
		};
/* End PBXVariantGroup section */

/* Begin XCBuildConfiguration section */
		447B393523EE293900AAB6CC /* Debug */ = {
			isa = XCBuildConfiguration;
			buildSettings = {
				ALWAYS_SEARCH_USER_PATHS = NO;
				CLANG_ANALYZER_NONNULL = YES;
				CLANG_ANALYZER_NUMBER_OBJECT_CONVERSION = YES_AGGRESSIVE;
				CLANG_CXX_LANGUAGE_STANDARD = "gnu++14";
				CLANG_CXX_LIBRARY = "libc++";
				CLANG_ENABLE_MODULES = YES;
				CLANG_ENABLE_OBJC_ARC = YES;
				CLANG_ENABLE_OBJC_WEAK = YES;
				CLANG_WARN_BLOCK_CAPTURE_AUTORELEASING = YES;
				CLANG_WARN_BOOL_CONVERSION = YES;
				CLANG_WARN_COMMA = YES;
				CLANG_WARN_CONSTANT_CONVERSION = YES;
				CLANG_WARN_DEPRECATED_OBJC_IMPLEMENTATIONS = YES;
				CLANG_WARN_DIRECT_OBJC_ISA_USAGE = YES_ERROR;
				CLANG_WARN_DOCUMENTATION_COMMENTS = YES;
				CLANG_WARN_EMPTY_BODY = YES;
				CLANG_WARN_ENUM_CONVERSION = YES;
				CLANG_WARN_INFINITE_RECURSION = YES;
				CLANG_WARN_INT_CONVERSION = YES;
				CLANG_WARN_NON_LITERAL_NULL_CONVERSION = YES;
				CLANG_WARN_OBJC_IMPLICIT_RETAIN_SELF = YES;
				CLANG_WARN_OBJC_LITERAL_CONVERSION = YES;
				CLANG_WARN_OBJC_ROOT_CLASS = YES_ERROR;
				CLANG_WARN_RANGE_LOOP_ANALYSIS = YES;
				CLANG_WARN_STRICT_PROTOTYPES = YES;
				CLANG_WARN_SUSPICIOUS_MOVE = YES;
				CLANG_WARN_UNGUARDED_AVAILABILITY = YES_AGGRESSIVE;
				CLANG_WARN_UNREACHABLE_CODE = YES;
				CLANG_WARN__DUPLICATE_METHOD_MATCH = YES;
				COPY_PHASE_STRIP = NO;
				DEBUG_INFORMATION_FORMAT = dwarf;
				ENABLE_STRICT_OBJC_MSGSEND = YES;
				ENABLE_TESTABILITY = YES;
				GCC_C_LANGUAGE_STANDARD = gnu11;
				GCC_DYNAMIC_NO_PIC = NO;
				GCC_NO_COMMON_BLOCKS = YES;
				GCC_OPTIMIZATION_LEVEL = 0;
				GCC_PREPROCESSOR_DEFINITIONS = (
					"DEBUG=1",
					"$(inherited)",
				);
				GCC_WARN_64_TO_32_BIT_CONVERSION = YES;
				GCC_WARN_ABOUT_RETURN_TYPE = YES_ERROR;
				GCC_WARN_UNDECLARED_SELECTOR = YES;
				GCC_WARN_UNINITIALIZED_AUTOS = YES_AGGRESSIVE;
				GCC_WARN_UNUSED_FUNCTION = YES;
				GCC_WARN_UNUSED_VARIABLE = YES;
				IPHONEOS_DEPLOYMENT_TARGET = 13.2;
				MTL_ENABLE_DEBUG_INFO = INCLUDE_SOURCE;
				MTL_FAST_MATH = YES;
				ONLY_ACTIVE_ARCH = YES;
				SDKROOT = iphoneos;
				SWIFT_ACTIVE_COMPILATION_CONDITIONS = DEBUG;
				SWIFT_OPTIMIZATION_LEVEL = "-Onone";
			};
			name = Debug;
		};
		447B393623EE293900AAB6CC /* Release */ = {
			isa = XCBuildConfiguration;
			buildSettings = {
				ALWAYS_SEARCH_USER_PATHS = NO;
				CLANG_ANALYZER_NONNULL = YES;
				CLANG_ANALYZER_NUMBER_OBJECT_CONVERSION = YES_AGGRESSIVE;
				CLANG_CXX_LANGUAGE_STANDARD = "gnu++14";
				CLANG_CXX_LIBRARY = "libc++";
				CLANG_ENABLE_MODULES = YES;
				CLANG_ENABLE_OBJC_ARC = YES;
				CLANG_ENABLE_OBJC_WEAK = YES;
				CLANG_WARN_BLOCK_CAPTURE_AUTORELEASING = YES;
				CLANG_WARN_BOOL_CONVERSION = YES;
				CLANG_WARN_COMMA = YES;
				CLANG_WARN_CONSTANT_CONVERSION = YES;
				CLANG_WARN_DEPRECATED_OBJC_IMPLEMENTATIONS = YES;
				CLANG_WARN_DIRECT_OBJC_ISA_USAGE = YES_ERROR;
				CLANG_WARN_DOCUMENTATION_COMMENTS = YES;
				CLANG_WARN_EMPTY_BODY = YES;
				CLANG_WARN_ENUM_CONVERSION = YES;
				CLANG_WARN_INFINITE_RECURSION = YES;
				CLANG_WARN_INT_CONVERSION = YES;
				CLANG_WARN_NON_LITERAL_NULL_CONVERSION = YES;
				CLANG_WARN_OBJC_IMPLICIT_RETAIN_SELF = YES;
				CLANG_WARN_OBJC_LITERAL_CONVERSION = YES;
				CLANG_WARN_OBJC_ROOT_CLASS = YES_ERROR;
				CLANG_WARN_RANGE_LOOP_ANALYSIS = YES;
				CLANG_WARN_STRICT_PROTOTYPES = YES;
				CLANG_WARN_SUSPICIOUS_MOVE = YES;
				CLANG_WARN_UNGUARDED_AVAILABILITY = YES_AGGRESSIVE;
				CLANG_WARN_UNREACHABLE_CODE = YES;
				CLANG_WARN__DUPLICATE_METHOD_MATCH = YES;
				COPY_PHASE_STRIP = NO;
				DEBUG_INFORMATION_FORMAT = "dwarf-with-dsym";
				ENABLE_NS_ASSERTIONS = NO;
				ENABLE_STRICT_OBJC_MSGSEND = YES;
				GCC_C_LANGUAGE_STANDARD = gnu11;
				GCC_NO_COMMON_BLOCKS = YES;
				GCC_WARN_64_TO_32_BIT_CONVERSION = YES;
				GCC_WARN_ABOUT_RETURN_TYPE = YES_ERROR;
				GCC_WARN_UNDECLARED_SELECTOR = YES;
				GCC_WARN_UNINITIALIZED_AUTOS = YES_AGGRESSIVE;
				GCC_WARN_UNUSED_FUNCTION = YES;
				GCC_WARN_UNUSED_VARIABLE = YES;
				IPHONEOS_DEPLOYMENT_TARGET = 13.2;
				MTL_ENABLE_DEBUG_INFO = NO;
				MTL_FAST_MATH = YES;
				SDKROOT = iphoneos;
				SWIFT_COMPILATION_MODE = wholemodule;
				SWIFT_OPTIMIZATION_LEVEL = "-O";
				VALIDATE_PRODUCT = YES;
			};
			name = Release;
		};
		447B393823EE293900AAB6CC /* Debug */ = {
			isa = XCBuildConfiguration;
			buildSettings = {
				ASSETCATALOG_COMPILER_APPICON_NAME = AppIcon;
				CODE_SIGN_STYLE = Automatic;
				INFOPLIST_FILE = Flix/Info.plist;
				LD_RUNPATH_SEARCH_PATHS = (
					"$(inherited)",
					"@executable_path/Frameworks",
				);
				PRODUCT_BUNDLE_IDENTIFIER = TempSchoolAcct.Flix;
				PRODUCT_NAME = "$(TARGET_NAME)";
				SWIFT_VERSION = 5.0;
				TARGETED_DEVICE_FAMILY = "1,2";
			};
			name = Debug;
		};
		447B393923EE293900AAB6CC /* Release */ = {
			isa = XCBuildConfiguration;
			buildSettings = {
				ASSETCATALOG_COMPILER_APPICON_NAME = AppIcon;
				CODE_SIGN_STYLE = Automatic;
				INFOPLIST_FILE = Flix/Info.plist;
				LD_RUNPATH_SEARCH_PATHS = (
					"$(inherited)",
					"@executable_path/Frameworks",
				);
				PRODUCT_BUNDLE_IDENTIFIER = TempSchoolAcct.Flix;
				PRODUCT_NAME = "$(TARGET_NAME)";
				SWIFT_VERSION = 5.0;
				TARGETED_DEVICE_FAMILY = "1,2";
			};
			name = Release;
		};
		447B393B23EE293900AAB6CC /* Debug */ = {
			isa = XCBuildConfiguration;
			buildSettings = {
				ALWAYS_EMBED_SWIFT_STANDARD_LIBRARIES = YES;
				BUNDLE_LOADER = "$(TEST_HOST)";
				CODE_SIGN_STYLE = Automatic;
				INFOPLIST_FILE = FlixTests/Info.plist;
				IPHONEOS_DEPLOYMENT_TARGET = 13.2;
				LD_RUNPATH_SEARCH_PATHS = (
					"$(inherited)",
					"@executable_path/Frameworks",
					"@loader_path/Frameworks",
				);
				PRODUCT_BUNDLE_IDENTIFIER = TempSchoolAcct.FlixTests;
				PRODUCT_NAME = "$(TARGET_NAME)";
				SWIFT_VERSION = 5.0;
				TARGETED_DEVICE_FAMILY = "1,2";
				TEST_HOST = "$(BUILT_PRODUCTS_DIR)/Flix.app/Flix";
			};
			name = Debug;
		};
		447B393C23EE293900AAB6CC /* Release */ = {
			isa = XCBuildConfiguration;
			buildSettings = {
				ALWAYS_EMBED_SWIFT_STANDARD_LIBRARIES = YES;
				BUNDLE_LOADER = "$(TEST_HOST)";
				CODE_SIGN_STYLE = Automatic;
				INFOPLIST_FILE = FlixTests/Info.plist;
				IPHONEOS_DEPLOYMENT_TARGET = 13.2;
				LD_RUNPATH_SEARCH_PATHS = (
					"$(inherited)",
					"@executable_path/Frameworks",
					"@loader_path/Frameworks",
				);
				PRODUCT_BUNDLE_IDENTIFIER = TempSchoolAcct.FlixTests;
				PRODUCT_NAME = "$(TARGET_NAME)";
				SWIFT_VERSION = 5.0;
				TARGETED_DEVICE_FAMILY = "1,2";
				TEST_HOST = "$(BUILT_PRODUCTS_DIR)/Flix.app/Flix";
			};
			name = Release;
		};
		447B393E23EE293900AAB6CC /* Debug */ = {
			isa = XCBuildConfiguration;
			buildSettings = {
				ALWAYS_EMBED_SWIFT_STANDARD_LIBRARIES = YES;
				CODE_SIGN_STYLE = Automatic;
				INFOPLIST_FILE = FlixUITests/Info.plist;
				LD_RUNPATH_SEARCH_PATHS = (
					"$(inherited)",
					"@executable_path/Frameworks",
					"@loader_path/Frameworks",
				);
				PRODUCT_BUNDLE_IDENTIFIER = TempSchoolAcct.FlixUITests;
				PRODUCT_NAME = "$(TARGET_NAME)";
				SWIFT_VERSION = 5.0;
				TARGETED_DEVICE_FAMILY = "1,2";
				TEST_TARGET_NAME = Flix;
			};
			name = Debug;
		};
		447B393F23EE293900AAB6CC /* Release */ = {
			isa = XCBuildConfiguration;
			buildSettings = {
				ALWAYS_EMBED_SWIFT_STANDARD_LIBRARIES = YES;
				CODE_SIGN_STYLE = Automatic;
				INFOPLIST_FILE = FlixUITests/Info.plist;
				LD_RUNPATH_SEARCH_PATHS = (
					"$(inherited)",
					"@executable_path/Frameworks",
					"@loader_path/Frameworks",
				);
				PRODUCT_BUNDLE_IDENTIFIER = TempSchoolAcct.FlixUITests;
				PRODUCT_NAME = "$(TARGET_NAME)";
				SWIFT_VERSION = 5.0;
				TARGETED_DEVICE_FAMILY = "1,2";
				TEST_TARGET_NAME = Flix;
			};
			name = Release;
		};
/* End XCBuildConfiguration section */

/* Begin XCConfigurationList section */
		447B390823EE293600AAB6CC /* Build configuration list for PBXProject "Flix" */ = {
			isa = XCConfigurationList;
			buildConfigurations = (
				447B393523EE293900AAB6CC /* Debug */,
				447B393623EE293900AAB6CC /* Release */,
			);
			defaultConfigurationIsVisible = 0;
			defaultConfigurationName = Release;
		};
		447B393723EE293900AAB6CC /* Build configuration list for PBXNativeTarget "Flix" */ = {
			isa = XCConfigurationList;
			buildConfigurations = (
				447B393823EE293900AAB6CC /* Debug */,
				447B393923EE293900AAB6CC /* Release */,
			);
			defaultConfigurationIsVisible = 0;
			defaultConfigurationName = Release;
		};
		447B393A23EE293900AAB6CC /* Build configuration list for PBXNativeTarget "FlixTests" */ = {
			isa = XCConfigurationList;
			buildConfigurations = (
				447B393B23EE293900AAB6CC /* Debug */,
				447B393C23EE293900AAB6CC /* Release */,
			);
			defaultConfigurationIsVisible = 0;
			defaultConfigurationName = Release;
		};
		447B393D23EE293900AAB6CC /* Build configuration list for PBXNativeTarget "FlixUITests" */ = {
			isa = XCConfigurationList;
			buildConfigurations = (
				447B393E23EE293900AAB6CC /* Debug */,
				447B393F23EE293900AAB6CC /* Release */,
			);
			defaultConfigurationIsVisible = 0;
			defaultConfigurationName = Release;
		};
/* End XCConfigurationList section */
	};
	rootObject = 447B390523EE293600AAB6CC /* Project object */;
}
